hash: e986fb15178db0a0e0969e30575b20e7de3136d7bc51a9a6eee08908e37b84c9
updated: 2016-12-10T08:32:34.60862055-06:00
imports:
- name: github.com/awalterschulze/gographviz
  version: fada54bd10e66198a4cdb1e851f08172fd9fc903
  subpackages:
  - ast
  - errors
  - lexer
  - parser
  - token
- name: github.com/pkg/errors
  version: 645ef00459ed84a119197bfb8d8205042c6df63d
- name: github.com/scgolang/nsm
  version: ba2a125cace6126f788b0a14697f0886b14af597
- name: github.com/scgolang/osc
  version: 7d8500324cb97d0db8a0e9834fc19799a79637c6
- name: github.com/scgolang/sc
  version: ec15435572cd66fa3c680d32362339894592d5b3
- name: golang.org/x/net
  version: b1a2d6e8c8b5fc8f601ead62536f02a8e1b6217d
  subpackages:
  - context
- name: golang.org/x/sync
  version: 450f422ab23cf9881c94e2db30cac0eb1b7cf80c
  subpackages:
  - errgroup
testImports: []
